<?xml version="1.0" encoding="utf-8"?>
<Project ToolsVersion="4.0" xmlns="http://schemas.microsoft.com/developer/msbuild/2003">
  <ItemGroup>
    <ClCompile Include="AABBDebugPass.cpp">
      <Filter>源文件</Filter>
    </ClCompile>
    <ClCompile Include="CustomGUI.cpp">
      <Filter>源文件</Filter>
    </ClCompile>
    <ClCompile Include="DirectLightPass.cpp">
      <Filter>源文件</Filter>
    </ClCompile>
    <ClCompile Include="GBufferPass.cpp">
      <Filter>源文件</Filter>
    </ClCompile>
    <ClCompile Include="IndirectLightPass.cpp">
      <Filter>源文件</Filter>
    </ClCompile>
    <ClCompile Include="InjectLightPass.cpp">
      <Filter>源文件</Filter>
    </ClCompile>
    <ClCompile Include="LightCamera.cpp">
      <Filter>源文件</Filter>
    </ClCompile>
    <ClCompile Include="main.cpp">
      <Filter>源文件</Filter>
    </ClCompile>
    <ClCompile Include="PropagationLightPass.cpp">
      <Filter>源文件</Filter>
    </ClCompile>
    <ClCompile Include="ScreenQuadPass.cpp">
      <Filter>源文件</Filter>
    </ClCompile>
    <ClCompile Include="RSMBufferPass.cpp">
      <Filter>源文件</Filter>
    </ClCompile>
    <ClCompile Include="Sponza.cpp">
      <Filter>源文件</Filter>
    </ClCompile>
  </ItemGroup>
  <ItemGroup>
    <ClInclude Include="AABBDebugPass.h">
      <Filter>头文件</Filter>
    </ClInclude>
    <ClInclude Include="CustomGUI.h">
      <Filter>头文件</Filter>
    </ClInclude>
    <ClInclude Include="DirectLightPass.h">
      <Filter>头文件</Filter>
    </ClInclude>
    <ClInclude Include="GBufferPass.h">
      <Filter>头文件</Filter>
    </ClInclude>
    <ClInclude Include="IndirectLightPass.h">
      <Filter>头文件</Filter>
    </ClInclude>
    <ClInclude Include="InjectLightPass.h">
      <Filter>头文件</Filter>
    </ClInclude>
    <ClInclude Include="LightCamera.h">
      <Filter>头文件</Filter>
    </ClInclude>
    <ClInclude Include="PropagationLightPass.h">
      <Filter>头文件</Filter>
    </ClInclude>
    <ClInclude Include="RSMBufferPass.h">
      <Filter>头文件</Filter>
    </ClInclude>
    <ClInclude Include="ScreenQuadPass.h">
      <Filter>头文件</Filter>
    </ClInclude>
    <ClInclude Include="Sponza.h">
      <Filter>头文件</Filter>
    </ClInclude>
  </ItemGroup>
  <ItemGroup>
    <None Include="AABBDebug_VS.glsl">
      <Filter>Shader</Filter>
    </None>
    <None Include="AABBDebug_FS.glsl">
      <Filter>Shader</Filter>
    </None>
    <None Include="DirectLightPass_CS.glsl">
      <Filter>Shader</Filter>
    </None>
    <None Include="GBuffer_VS.glsl">
      <Filter>Shader</Filter>
    </None>
    <None Include="GBuffer_FS.glsl">
      <Filter>Shader</Filter>
    </None>
    <None Include="InjectLight_CS.glsl">
      <Filter>Shader</Filter>
    </None>
    <None Include="IndirectLightPass_VS.glsl">
      <Filter>Shader</Filter>
    </None>
    <None Include="IndirectLightPass_FS.glsl">
      <Filter>Shader</Filter>
    </None>
    <None Include="LightInject_VS.glsl">
      <Filter>Shader</Filter>
    </None>
    <None Include="LightInject_GS.glsl">
      <Filter>Shader</Filter>
    </None>
    <None Include="LightInject_FS.glsl">
      <Filter>Shader</Filter>
    </None>
    <None Include="RSMBuffer_VS.glsl">
      <Filter>Shader</Filter>
    </None>
    <None Include="RSMBuffer_FS.glsl">
      <Filter>Shader</Filter>
    </None>
    <None Include="PropagationLight_CS.glsl">
      <Filter>Shader</Filter>
    </None>
    <None Include="ScreenQuad_VS.glsl">
      <Filter>Shader</Filter>
    </None>
    <None Include="ScreenQuad_FS.glsl">
      <Filter>Shader</Filter>
    </None>
    <None Include="PropagationLight_VS.glsl">
      <Filter>Shader</Filter>
    </None>
    <None Include="PropagationLight_GS.glsl">
      <Filter>Shader</Filter>
    </None>
    <None Include="PropagationLight_FS.glsl">
      <Filter>Shader</Filter>
    </None>
  </ItemGroup>
  <ItemGroup>
    <Filter Include="Shader">
      <UniqueIdentifier>{ddd3c6bf-72c2-4c02-b78f-8a9e29d67920}</UniqueIdentifier>
    </Filter>
    <Filter Include="源文件">
      <UniqueIdentifier>{7cc00afb-2fcd-4664-8138-c0cf2acdc26a}</UniqueIdentifier>
    </Filter>
    <Filter Include="头文件">
      <UniqueIdentifier>{d1ca0779-8bec-4d64-bb21-70cfd01f2cb2}</UniqueIdentifier>
    </Filter>
  </ItemGroup>
</Project>